// !$*UTF8*$!
{
	archiveVersion = 1;
	classes = {
	};
	objectVersion = 46;
	objects = {

/* Begin PBXBuildFile section */
		D704308B1E13D8D0001C070D /* TableCellOrderType.xib in Resources */ = {isa = PBXBuildFile; fileRef = D704308A1E13D8D0001C070D /* TableCellOrderType.xib */; };
		D704308D1E13D8E1001C070D /* TableCellOrderType.swift in Sources */ = {isa = PBXBuildFile; fileRef = D704308C1E13D8E1001C070D /* TableCellOrderType.swift */; };
		D7671BF21E175FE10026DCFA /* OrderDetailBean.swift in Sources */ = {isa = PBXBuildFile; fileRef = D7671BF11E175FE10026DCFA /* OrderDetailBean.swift */; };
		D7671BF41E17673A0026DCFA /* OrderBean.swift in Sources */ = {isa = PBXBuildFile; fileRef = D7671BF31E17673A0026DCFA /* OrderBean.swift */; };
		D76AFDA91E26967900E73E1D /* icon45.png in Resources */ = {isa = PBXBuildFile; fileRef = D76AFDA81E26967900E73E1D /* icon45.png */; };
		D76C37981E24CF220096F864 /* RatingBar.swift in Sources */ = {isa = PBXBuildFile; fileRef = D76C37971E24CF220096F864 /* RatingBar.swift */; };
		D76C379B1E24D24B0096F864 /* CollectionImageViewCell.swift in Sources */ = {isa = PBXBuildFile; fileRef = D76C37991E24D24B0096F864 /* CollectionImageViewCell.swift */; };
		D76C379C1E24D24B0096F864 /* CollectionImageViewCell.xib in Resources */ = {isa = PBXBuildFile; fileRef = D76C379A1E24D24B0096F864 /* CollectionImageViewCell.xib */; };
		D791F67B1E234C89009CBBED /* bg_sliding_menu_body.jpg in Resources */ = {isa = PBXBuildFile; fileRef = D791F6791E234C89009CBBED /* bg_sliding_menu_body.jpg */; };
		D791F67C1E234C89009CBBED /* bg_sliding_menu_top.jpg in Resources */ = {isa = PBXBuildFile; fileRef = D791F67A1E234C89009CBBED /* bg_sliding_menu_top.jpg */; };
		D791F67F1E2363A5009CBBED /* logo-1.png in Resources */ = {isa = PBXBuildFile; fileRef = D791F67E1E2363A5009CBBED /* logo-1.png */; };
		D791F6881E2367F3009CBBED /* ic_menu_gift.png in Resources */ = {isa = PBXBuildFile; fileRef = D791F6811E2367F3009CBBED /* ic_menu_gift.png */; };
		D791F6891E2367F3009CBBED /* ic_menu_home.png in Resources */ = {isa = PBXBuildFile; fileRef = D791F6821E2367F3009CBBED /* ic_menu_home.png */; };
		D791F68A1E2367F3009CBBED /* ic_menu_profile.png in Resources */ = {isa = PBXBuildFile; fileRef = D791F6831E2367F3009CBBED /* ic_menu_profile.png */; };
		D791F68B1E2367F3009CBBED /* ic_menu_shoping_cart.png in Resources */ = {isa = PBXBuildFile; fileRef = D791F6841E2367F3009CBBED /* ic_menu_shoping_cart.png */; };
		D791F68C1E2367F3009CBBED /* list.png in Resources */ = {isa = PBXBuildFile; fileRef = D791F6851E2367F3009CBBED /* list.png */; };
		D791F68D1E2367F3009CBBED /* message.png in Resources */ = {isa = PBXBuildFile; fileRef = D791F6861E2367F3009CBBED /* message.png */; };
		D791F68E1E2367F3009CBBED /* report.png in Resources */ = {isa = PBXBuildFile; fileRef = D791F6871E2367F3009CBBED /* report.png */; };
		D791F6921E23688F009CBBED /* configuration.png in Resources */ = {isa = PBXBuildFile; fileRef = D791F68F1E23688F009CBBED /* configuration.png */; };
		D791F6931E23688F009CBBED /* login.png in Resources */ = {isa = PBXBuildFile; fileRef = D791F6901E23688F009CBBED /* login.png */; };
		D791F6941E23688F009CBBED /* register.png in Resources */ = {isa = PBXBuildFile; fileRef = D791F6911E23688F009CBBED /* register.png */; };
		D791F6961E2368BA009CBBED /* logoutitem.png in Resources */ = {isa = PBXBuildFile; fileRef = D791F6951E2368BA009CBBED /* logoutitem.png */; };
		D791F6991E236BAA009CBBED /* checkbox-checked.png in Resources */ = {isa = PBXBuildFile; fileRef = D791F6971E236BAA009CBBED /* checkbox-checked.png */; };
		D791F69A1E236BAA009CBBED /* checkbox-unchecked.png in Resources */ = {isa = PBXBuildFile; fileRef = D791F6981E236BAA009CBBED /* checkbox-unchecked.png */; };
		D791F69C1E237181009CBBED /* icon29.png in Resources */ = {isa = PBXBuildFile; fileRef = D791F69B1E237181009CBBED /* icon29.png */; };
		D791F69E1E2372FB009CBBED /* icon31.png in Resources */ = {isa = PBXBuildFile; fileRef = D791F69D1E2372FB009CBBED /* icon31.png */; };
		D791F6A01E23747C009CBBED /* icon48.png in Resources */ = {isa = PBXBuildFile; fileRef = D791F69F1E23747C009CBBED /* icon48.png */; };
		D791F6A21E23754C009CBBED /* icon47.png in Resources */ = {isa = PBXBuildFile; fileRef = D791F6A11E23754C009CBBED /* icon47.png */; };
		D791F6A41E237595009CBBED /* icon46.png in Resources */ = {isa = PBXBuildFile; fileRef = D791F6A31E237595009CBBED /* icon46.png */; };
		D791F6A61E237658009CBBED /* icon59.png in Resources */ = {isa = PBXBuildFile; fileRef = D791F6A51E237658009CBBED /* icon59.png */; };
		D791F6A81E2378C0009CBBED /* icon49.png in Resources */ = {isa = PBXBuildFile; fileRef = D791F6A71E2378C0009CBBED /* icon49.png */; };
		D791F6B01E238135009CBBED /* CommonProcess.swift in Sources */ = {isa = PBXBuildFile; fileRef = D791F6AF1E238135009CBBED /* CommonProcess.swift */; };
		D7A966771E12ECED00C9D601 /* OrderListBean.swift in Sources */ = {isa = PBXBuildFile; fileRef = D7A966761E12ECED00C9D601 /* OrderListBean.swift */; };
		D7AB904E1E23FBC20048AC4F /* SearchBarTableViewCell.swift in Sources */ = {isa = PBXBuildFile; fileRef = D7AB904C1E23FBC20048AC4F /* SearchBarTableViewCell.swift */; };
		D7AB904F1E23FBC20048AC4F /* SearchBarTableViewCell.xib in Resources */ = {isa = PBXBuildFile; fileRef = D7AB904D1E23FBC20048AC4F /* SearchBarTableViewCell.xib */; };
		D7AB90541E2402170048AC4F /* ScrollButtonList.swift in Sources */ = {isa = PBXBuildFile; fileRef = D7AB90501E2402170048AC4F /* ScrollButtonList.swift */; };
		D7AB90551E2402170048AC4F /* StepContent.swift in Sources */ = {isa = PBXBuildFile; fileRef = D7AB90511E2402170048AC4F /* StepContent.swift */; };
		D7AB90561E2402170048AC4F /* StepSummary.swift in Sources */ = {isa = PBXBuildFile; fileRef = D7AB90521E2402170048AC4F /* StepSummary.swift */; };
		D7AB90571E2402170048AC4F /* StepVC.swift in Sources */ = {isa = PBXBuildFile; fileRef = D7AB90531E2402170048AC4F /* StepVC.swift */; };
		D7B2374E1E150CD9001AD517 /* CustomLabel.swift in Sources */ = {isa = PBXBuildFile; fileRef = D7B2374D1E150CD9001AD517 /* CustomLabel.swift */; };
		D7B5678A1E0D837C0042D5A8 /* BaseViewController.swift in Sources */ = {isa = PBXBuildFile; fileRef = D7B567891E0D837C0042D5A8 /* BaseViewController.swift */; };
		D7B5678D1E0D868C0042D5A8 /* BaseModel.swift in Sources */ = {isa = PBXBuildFile; fileRef = D7B5678C1E0D868C0042D5A8 /* BaseModel.swift */; };
		D7B5678F1E0D87650042D5A8 /* RequestAPI.swift in Sources */ = {isa = PBXBuildFile; fileRef = D7B5678E1E0D87650042D5A8 /* RequestAPI.swift */; };
		D7B5679C1E0D87FF0042D5A8 /* BaseRequest.swift in Sources */ = {isa = PBXBuildFile; fileRef = D7B567901E0D87FF0042D5A8 /* BaseRequest.swift */; };
		D7B5679D1E0D87FF0042D5A8 /* ChangePassRequest.swift in Sources */ = {isa = PBXBuildFile; fileRef = D7B567911E0D87FF0042D5A8 /* ChangePassRequest.swift */; };
		D7B567A01E0D87FF0042D5A8 /* LoginRequest.swift in Sources */ = {isa = PBXBuildFile; fileRef = D7B567941E0D87FF0042D5A8 /* LoginRequest.swift */; };
		D7B567A11E0D87FF0042D5A8 /* NotificationCountRequest.swift in Sources */ = {isa = PBXBuildFile; fileRef = D7B567951E0D87FF0042D5A8 /* NotificationCountRequest.swift */; };
		D7B567A31E0D87FF0042D5A8 /* SearchCustomerRequest.swift in Sources */ = {isa = PBXBuildFile; fileRef = D7B567971E0D87FF0042D5A8 /* SearchCustomerRequest.swift */; };
		D7B567A41E0D87FF0042D5A8 /* UpdateConfigurationRequest.swift in Sources */ = {isa = PBXBuildFile; fileRef = D7B567981E0D87FF0042D5A8 /* UpdateConfigurationRequest.swift */; };
		D7B567A51E0D87FF0042D5A8 /* UpholdDetailRequest.swift in Sources */ = {isa = PBXBuildFile; fileRef = D7B567991E0D87FF0042D5A8 /* UpholdDetailRequest.swift */; };
		D7B567A61E0D87FF0042D5A8 /* UpholdListRequest.swift in Sources */ = {isa = PBXBuildFile; fileRef = D7B5679A1E0D87FF0042D5A8 /* UpholdListRequest.swift */; };
		D7B567A71E0D87FF0042D5A8 /* UserProfileRequest.swift in Sources */ = {isa = PBXBuildFile; fileRef = D7B5679B1E0D87FF0042D5A8 /* UserProfileRequest.swift */; };
		D7B567AB1E0D88370042D5A8 /* LogoutRequest.swift in Sources */ = {isa = PBXBuildFile; fileRef = D7B567AA1E0D88370042D5A8 /* LogoutRequest.swift */; };
		D7B567B21E0D88A80042D5A8 /* NotificationBean.swift in Sources */ = {isa = PBXBuildFile; fileRef = D7B567AC1E0D88A80042D5A8 /* NotificationBean.swift */; };
		D7B567B31E0D88A80042D5A8 /* SearchCustomerRespModel.swift in Sources */ = {isa = PBXBuildFile; fileRef = D7B567AD1E0D88A80042D5A8 /* SearchCustomerRespModel.swift */; };
		D7B567B41E0D88A80042D5A8 /* UpholdDetailRespModel.swift in Sources */ = {isa = PBXBuildFile; fileRef = D7B567AE1E0D88A80042D5A8 /* UpholdDetailRespModel.swift */; };
		D7B567B51E0D88A80042D5A8 /* UpholdListRespModel.swift in Sources */ = {isa = PBXBuildFile; fileRef = D7B567AF1E0D88A80042D5A8 /* UpholdListRespModel.swift */; };
		D7B567B61E0D88A80042D5A8 /* UpholdReplyBean.swift in Sources */ = {isa = PBXBuildFile; fileRef = D7B567B01E0D88A80042D5A8 /* UpholdReplyBean.swift */; };
		D7B567B71E0D88A80042D5A8 /* UserProfileRespModel.swift in Sources */ = {isa = PBXBuildFile; fileRef = D7B567B11E0D88A80042D5A8 /* UserProfileRespModel.swift */; };
		D7B567BB1E0D89010042D5A8 /* ConfigBean.swift in Sources */ = {isa = PBXBuildFile; fileRef = D7B567BA1E0D89010042D5A8 /* ConfigBean.swift */; };
		D7B567BE1E0D89560042D5A8 /* BaseRespModel.swift in Sources */ = {isa = PBXBuildFile; fileRef = D7B567BD1E0D89560042D5A8 /* BaseRespModel.swift */; };
		D7B567C01E0D89800042D5A8 /* UpholdBean.swift in Sources */ = {isa = PBXBuildFile; fileRef = D7B567BF1E0D89800042D5A8 /* UpholdBean.swift */; };
		D7B567C21E0D89B00042D5A8 /* UserInfoBean.swift in Sources */ = {isa = PBXBuildFile; fileRef = D7B567C11E0D89B00042D5A8 /* UserInfoBean.swift */; };
		D7B567C41E0D89EB0042D5A8 /* LoginRespModel.swift in Sources */ = {isa = PBXBuildFile; fileRef = D7B567C31E0D89EB0042D5A8 /* LoginRespModel.swift */; };
		D7B567C61E0D8A6B0042D5A8 /* LoadingView.swift in Sources */ = {isa = PBXBuildFile; fileRef = D7B567C51E0D8A6B0042D5A8 /* LoadingView.swift */; };
		D7B567C81E0D8A8C0042D5A8 /* ConfirmNotifyRequest.swift in Sources */ = {isa = PBXBuildFile; fileRef = D7B567C71E0D8A8C0042D5A8 /* ConfirmNotifyRequest.swift */; };
		D7B567CA1E0D8BA50042D5A8 /* NotificationCountRespModel.swift in Sources */ = {isa = PBXBuildFile; fileRef = D7B567C91E0D8BA50042D5A8 /* NotificationCountRespModel.swift */; };
		D7B567CC1E0D9DE70042D5A8 /* BaseMenuViewController.swift in Sources */ = {isa = PBXBuildFile; fileRef = D7B567CB1E0D9DE70042D5A8 /* BaseMenuViewController.swift */; };
		D7BE04571E0584DA00D37740 /* harpyframework.framework in Frameworks */ = {isa = PBXBuildFile; fileRef = D7BE044D1E0584D900D37740 /* harpyframework.framework */; };
		D7BE045C1E0584DA00D37740 /* harpyframeworkTests.swift in Sources */ = {isa = PBXBuildFile; fileRef = D7BE045B1E0584DA00D37740 /* harpyframeworkTests.swift */; };
		D7BE045E1E0584DA00D37740 /* harpyframework.h in Headers */ = {isa = PBXBuildFile; fileRef = D7BE04501E0584D900D37740 /* harpyframework.h */; settings = {ATTRIBUTES = (Public, ); }; };
		D7BE047C1E05864E00D37740 /* DomainConst.swift in Sources */ = {isa = PBXBuildFile; fileRef = D7BE047B1E05864E00D37740 /* DomainConst.swift */; };
		D7BE04831E05873700D37740 /* CustomCheckBox.swift in Sources */ = {isa = PBXBuildFile; fileRef = D7BE04821E05873700D37740 /* CustomCheckBox.swift */; };
		D7BE04861E0587D500D37740 /* GlobalConst.swift in Sources */ = {isa = PBXBuildFile; fileRef = D7BE04851E0587D500D37740 /* GlobalConst.swift */; };
		D7BE04891E05889B00D37740 /* Extension.swift in Sources */ = {isa = PBXBuildFile; fileRef = D7BE04881E05889B00D37740 /* Extension.swift */; };
		D7DF191E1E122CAB00829785 /* MenuItem.swift in Sources */ = {isa = PBXBuildFile; fileRef = D7DF191D1E122CAB00829785 /* MenuItem.swift */; };
		D7EF19451E110E540054A3AF /* RegisterRequest.swift in Sources */ = {isa = PBXBuildFile; fileRef = D7EF19441E110E540054A3AF /* RegisterRequest.swift */; };
		D7EF19471E1121AB0054A3AF /* RegisterConfirmRequest.swift in Sources */ = {isa = PBXBuildFile; fileRef = D7EF19461E1121AB0054A3AF /* RegisterConfirmRequest.swift */; };
		D7F3D8CD1E1B74720018744F /* CustomeDateTimeView.swift in Sources */ = {isa = PBXBuildFile; fileRef = D7F3D8CC1E1B74720018744F /* CustomeDateTimeView.swift */; };
		D7F3D8D01E1B80D80018744F /* TableCellUpholdType.swift in Sources */ = {isa = PBXBuildFile; fileRef = D7F3D8CE1E1B80D80018744F /* TableCellUpholdType.swift */; };
		D7F3D8D11E1B80D80018744F /* TableCellUpholdType.xib in Resources */ = {isa = PBXBuildFile; fileRef = D7F3D8CF1E1B80D80018744F /* TableCellUpholdType.xib */; };
		D7F3D8D41E1B8BD70018744F /* icon23.png in Resources */ = {isa = PBXBuildFile; fileRef = D7F3D8D31E1B8BD70018744F /* icon23.png */; };
		D7F3D8D61E1B90B60018744F /* icon6.png in Resources */ = {isa = PBXBuildFile; fileRef = D7F3D8D51E1B90B60018744F /* icon6.png */; };
/* End PBXBuildFile section */

/* Begin PBXContainerItemProxy section */
		D7BE04581E0584DA00D37740 /* PBXContainerItemProxy */ = {
			isa = PBXContainerItemProxy;
			containerPortal = D7BE04441E0584D900D37740 /* Project object */;
			proxyType = 1;
			remoteGlobalIDString = D7BE044C1E0584D900D37740;
			remoteInfo = harpyframework;
		};
/* End PBXContainerItemProxy section */

/* Begin PBXFileReference section */
		D704308A1E13D8D0001C070D /* TableCellOrderType.xib */ = {isa = PBXFileReference; fileEncoding = 4; lastKnownFileType = file.xib; path = TableCellOrderType.xib; sourceTree = "<group>"; };
		D704308C1E13D8E1001C070D /* TableCellOrderType.swift */ = {isa = PBXFileReference; fileEncoding = 4; lastKnownFileType = sourcecode.swift; path = TableCellOrderType.swift; sourceTree = "<group>"; };
		D7671BF11E175FE10026DCFA /* OrderDetailBean.swift */ = {isa = PBXFileReference; fileEncoding = 4; lastKnownFileType = sourcecode.swift; path = OrderDetailBean.swift; sourceTree = "<group>"; };
		D7671BF31E17673A0026DCFA /* OrderBean.swift */ = {isa = PBXFileReference; fileEncoding = 4; lastKnownFileType = sourcecode.swift; path = OrderBean.swift; sourceTree = "<group>"; };
		D76AFDA81E26967900E73E1D /* icon45.png */ = {isa = PBXFileReference; lastKnownFileType = image.png; name = icon45.png; path = images/icon45.png; sourceTree = "<group>"; };
		D76C37971E24CF220096F864 /* RatingBar.swift */ = {isa = PBXFileReference; fileEncoding = 4; lastKnownFileType = sourcecode.swift; name = RatingBar.swift; path = CustomeControl/RatingBar.swift; sourceTree = "<group>"; };
		D76C37991E24D24B0096F864 /* CollectionImageViewCell.swift */ = {isa = PBXFileReference; fileEncoding = 4; lastKnownFileType = sourcecode.swift; name = CollectionImageViewCell.swift; path = CustomeControl/CollectionImageViewCell.swift; sourceTree = "<group>"; };
		D76C379A1E24D24B0096F864 /* CollectionImageViewCell.xib */ = {isa = PBXFileReference; fileEncoding = 4; lastKnownFileType = file.xib; name = CollectionImageViewCell.xib; path = CustomeControl/CollectionImageViewCell.xib; sourceTree = "<group>"; };
		D791F6791E234C89009CBBED /* bg_sliding_menu_body.jpg */ = {isa = PBXFileReference; lastKnownFileType = image.jpeg; name = bg_sliding_menu_body.jpg; path = images/bg_sliding_menu_body.jpg; sourceTree = "<group>"; };
		D791F67A1E234C89009CBBED /* bg_sliding_menu_top.jpg */ = {isa = PBXFileReference; lastKnownFileType = image.jpeg; name = bg_sliding_menu_top.jpg; path = images/bg_sliding_menu_top.jpg; sourceTree = "<group>"; };
		D791F67E1E2363A5009CBBED /* logo-1.png */ = {isa = PBXFileReference; lastKnownFileType = image.png; name = "logo-1.png"; path = "images/logo-1.png"; sourceTree = "<group>"; };
		D791F6811E2367F3009CBBED /* ic_menu_gift.png */ = {isa = PBXFileReference; lastKnownFileType = image.png; name = ic_menu_gift.png; path = images/ic_menu_gift.png; sourceTree = "<group>"; };
		D791F6821E2367F3009CBBED /* ic_menu_home.png */ = {isa = PBXFileReference; lastKnownFileType = image.png; name = ic_menu_home.png; path = images/ic_menu_home.png; sourceTree = "<group>"; };
		D791F6831E2367F3009CBBED /* ic_menu_profile.png */ = {isa = PBXFileReference; lastKnownFileType = image.png; name = ic_menu_profile.png; path = images/ic_menu_profile.png; sourceTree = "<group>"; };
		D791F6841E2367F3009CBBED /* ic_menu_shoping_cart.png */ = {isa = PBXFileReference; lastKnownFileType = image.png; name = ic_menu_shoping_cart.png; path = images/ic_menu_shoping_cart.png; sourceTree = "<group>"; };
		D791F6851E2367F3009CBBED /* list.png */ = {isa = PBXFileReference; lastKnownFileType = image.png; name = list.png; path = images/list.png; sourceTree = "<group>"; };
		D791F6861E2367F3009CBBED /* message.png */ = {isa = PBXFileReference; lastKnownFileType = image.png; name = message.png; path = images/message.png; sourceTree = "<group>"; };
		D791F6871E2367F3009CBBED /* report.png */ = {isa = PBXFileReference; lastKnownFileType = image.png; name = report.png; path = images/report.png; sourceTree = "<group>"; };
		D791F68F1E23688F009CBBED /* configuration.png */ = {isa = PBXFileReference; lastKnownFileType = image.png; name = configuration.png; path = images/configuration.png; sourceTree = "<group>"; };
		D791F6901E23688F009CBBED /* login.png */ = {isa = PBXFileReference; lastKnownFileType = image.png; name = login.png; path = images/login.png; sourceTree = "<group>"; };
		D791F6911E23688F009CBBED /* register.png */ = {isa = PBXFileReference; lastKnownFileType = image.png; name = register.png; path = images/register.png; sourceTree = "<group>"; };
		D791F6951E2368BA009CBBED /* logoutitem.png */ = {isa = PBXFileReference; lastKnownFileType = image.png; name = logoutitem.png; path = images/logoutitem.png; sourceTree = "<group>"; };
		D791F6971E236BAA009CBBED /* checkbox-checked.png */ = {isa = PBXFileReference; lastKnownFileType = image.png; name = "checkbox-checked.png"; path = "images/checkbox-checked.png"; sourceTree = "<group>"; };
		D791F6981E236BAA009CBBED /* checkbox-unchecked.png */ = {isa = PBXFileReference; lastKnownFileType = image.png; name = "checkbox-unchecked.png"; path = "images/checkbox-unchecked.png"; sourceTree = "<group>"; };
		D791F69B1E237181009CBBED /* icon29.png */ = {isa = PBXFileReference; lastKnownFileType = image.png; name = icon29.png; path = images/icon29.png; sourceTree = "<group>"; };
		D791F69D1E2372FB009CBBED /* icon31.png */ = {isa = PBXFileReference; lastKnownFileType = image.png; name = icon31.png; path = images/icon31.png; sourceTree = "<group>"; };
		D791F69F1E23747C009CBBED /* icon48.png */ = {isa = PBXFileReference; lastKnownFileType = image.png; name = icon48.png; path = images/icon48.png; sourceTree = "<group>"; };
		D791F6A11E23754C009CBBED /* icon47.png */ = {isa = PBXFileReference; lastKnownFileType = image.png; name = icon47.png; path = images/icon47.png; sourceTree = "<group>"; };
		D791F6A31E237595009CBBED /* icon46.png */ = {isa = PBXFileReference; lastKnownFileType = image.png; name = icon46.png; path = images/icon46.png; sourceTree = "<group>"; };
		D791F6A51E237658009CBBED /* icon59.png */ = {isa = PBXFileReference; lastKnownFileType = image.png; name = icon59.png; path = images/icon59.png; sourceTree = "<group>"; };
		D791F6A71E2378C0009CBBED /* icon49.png */ = {isa = PBXFileReference; lastKnownFileType = image.png; name = icon49.png; path = images/icon49.png; sourceTree = "<group>"; };
		D791F6AF1E238135009CBBED /* CommonProcess.swift */ = {isa = PBXFileReference; fileEncoding = 4; lastKnownFileType = sourcecode.swift; name = CommonProcess.swift; path = Utility/CommonProcess.swift; sourceTree = "<group>"; };
		D7A966761E12ECED00C9D601 /* OrderListBean.swift */ = {isa = PBXFileReference; fileEncoding = 4; lastKnownFileType = sourcecode.swift; path = OrderListBean.swift; sourceTree = "<group>"; };
		D7AB904C1E23FBC20048AC4F /* SearchBarTableViewCell.swift */ = {isa = PBXFileReference; fileEncoding = 4; lastKnownFileType = sourcecode.swift; name = SearchBarTableViewCell.swift; path = CustomeControl/SearchBarTableViewCell.swift; sourceTree = "<group>"; };
		D7AB904D1E23FBC20048AC4F /* SearchBarTableViewCell.xib */ = {isa = PBXFileReference; fileEncoding = 4; lastKnownFileType = file.xib; name = SearchBarTableViewCell.xib; path = CustomeControl/SearchBarTableViewCell.xib; sourceTree = "<group>"; };
		D7AB90501E2402170048AC4F /* ScrollButtonList.swift */ = {isa = PBXFileReference; fileEncoding = 4; lastKnownFileType = sourcecode.swift; name = ScrollButtonList.swift; path = CustomeControl/ScrollButtonList.swift; sourceTree = "<group>"; };
		D7AB90511E2402170048AC4F /* StepContent.swift */ = {isa = PBXFileReference; fileEncoding = 4; lastKnownFileType = sourcecode.swift; name = StepContent.swift; path = CustomeControl/StepContent.swift; sourceTree = "<group>"; };
		D7AB90521E2402170048AC4F /* StepSummary.swift */ = {isa = PBXFileReference; fileEncoding = 4; lastKnownFileType = sourcecode.swift; name = StepSummary.swift; path = CustomeControl/StepSummary.swift; sourceTree = "<group>"; };
		D7AB90531E2402170048AC4F /* StepVC.swift */ = {isa = PBXFileReference; fileEncoding = 4; lastKnownFileType = sourcecode.swift; name = StepVC.swift; path = CustomeControl/StepVC.swift; sourceTree = "<group>"; };
		D7B2374D1E150CD9001AD517 /* CustomLabel.swift */ = {isa = PBXFileReference; fileEncoding = 4; lastKnownFileType = sourcecode.swift; path = CustomLabel.swift; sourceTree = "<group>"; };
		D7B567891E0D837C0042D5A8 /* BaseViewController.swift */ = {isa = PBXFileReference; fileEncoding = 4; lastKnownFileType = sourcecode.swift; path = BaseViewController.swift; sourceTree = "<group>"; };
		D7B5678C1E0D868C0042D5A8 /* BaseModel.swift */ = {isa = PBXFileReference; fileEncoding = 4; lastKnownFileType = sourcecode.swift; path = BaseModel.swift; sourceTree = "<group>"; };
		D7B5678E1E0D87650042D5A8 /* RequestAPI.swift */ = {isa = PBXFileReference; fileEncoding = 4; lastKnownFileType = sourcecode.swift; path = RequestAPI.swift; sourceTree = "<group>"; };
		D7B567901E0D87FF0042D5A8 /* BaseRequest.swift */ = {isa = PBXFileReference; fileEncoding = 4; lastKnownFileType = sourcecode.swift; path = BaseRequest.swift; sourceTree = "<group>"; };
		D7B567911E0D87FF0042D5A8 /* ChangePassRequest.swift */ = {isa = PBXFileReference; fileEncoding = 4; lastKnownFileType = sourcecode.swift; path = ChangePassRequest.swift; sourceTree = "<group>"; };
		D7B567941E0D87FF0042D5A8 /* LoginRequest.swift */ = {isa = PBXFileReference; fileEncoding = 4; lastKnownFileType = sourcecode.swift; path = LoginRequest.swift; sourceTree = "<group>"; };
		D7B567951E0D87FF0042D5A8 /* NotificationCountRequest.swift */ = {isa = PBXFileReference; fileEncoding = 4; lastKnownFileType = sourcecode.swift; path = NotificationCountRequest.swift; sourceTree = "<group>"; };
		D7B567971E0D87FF0042D5A8 /* SearchCustomerRequest.swift */ = {isa = PBXFileReference; fileEncoding = 4; lastKnownFileType = sourcecode.swift; path = SearchCustomerRequest.swift; sourceTree = "<group>"; };
		D7B567981E0D87FF0042D5A8 /* UpdateConfigurationRequest.swift */ = {isa = PBXFileReference; fileEncoding = 4; lastKnownFileType = sourcecode.swift; path = UpdateConfigurationRequest.swift; sourceTree = "<group>"; };
		D7B567991E0D87FF0042D5A8 /* UpholdDetailRequest.swift */ = {isa = PBXFileReference; fileEncoding = 4; lastKnownFileType = sourcecode.swift; path = UpholdDetailRequest.swift; sourceTree = "<group>"; };
		D7B5679A1E0D87FF0042D5A8 /* UpholdListRequest.swift */ = {isa = PBXFileReference; fileEncoding = 4; lastKnownFileType = sourcecode.swift; path = UpholdListRequest.swift; sourceTree = "<group>"; };
		D7B5679B1E0D87FF0042D5A8 /* UserProfileRequest.swift */ = {isa = PBXFileReference; fileEncoding = 4; lastKnownFileType = sourcecode.swift; path = UserProfileRequest.swift; sourceTree = "<group>"; };
		D7B567AA1E0D88370042D5A8 /* LogoutRequest.swift */ = {isa = PBXFileReference; fileEncoding = 4; lastKnownFileType = sourcecode.swift; path = LogoutRequest.swift; sourceTree = "<group>"; };
		D7B567AC1E0D88A80042D5A8 /* NotificationBean.swift */ = {isa = PBXFileReference; fileEncoding = 4; lastKnownFileType = sourcecode.swift; path = NotificationBean.swift; sourceTree = "<group>"; };
		D7B567AD1E0D88A80042D5A8 /* SearchCustomerRespModel.swift */ = {isa = PBXFileReference; fileEncoding = 4; lastKnownFileType = sourcecode.swift; path = SearchCustomerRespModel.swift; sourceTree = "<group>"; };
		D7B567AE1E0D88A80042D5A8 /* UpholdDetailRespModel.swift */ = {isa = PBXFileReference; fileEncoding = 4; lastKnownFileType = sourcecode.swift; path = UpholdDetailRespModel.swift; sourceTree = "<group>"; };
		D7B567AF1E0D88A80042D5A8 /* UpholdListRespModel.swift */ = {isa = PBXFileReference; fileEncoding = 4; lastKnownFileType = sourcecode.swift; path = UpholdListRespModel.swift; sourceTree = "<group>"; };
		D7B567B01E0D88A80042D5A8 /* UpholdReplyBean.swift */ = {isa = PBXFileReference; fileEncoding = 4; lastKnownFileType = sourcecode.swift; path = UpholdReplyBean.swift; sourceTree = "<group>"; };
		D7B567B11E0D88A80042D5A8 /* UserProfileRespModel.swift */ = {isa = PBXFileReference; fileEncoding = 4; lastKnownFileType = sourcecode.swift; path = UserProfileRespModel.swift; sourceTree = "<group>"; };
		D7B567BA1E0D89010042D5A8 /* ConfigBean.swift */ = {isa = PBXFileReference; fileEncoding = 4; lastKnownFileType = sourcecode.swift; path = ConfigBean.swift; sourceTree = "<group>"; };
		D7B567BD1E0D89560042D5A8 /* BaseRespModel.swift */ = {isa = PBXFileReference; fileEncoding = 4; lastKnownFileType = sourcecode.swift; path = BaseRespModel.swift; sourceTree = "<group>"; };
		D7B567BF1E0D89800042D5A8 /* UpholdBean.swift */ = {isa = PBXFileReference; fileEncoding = 4; lastKnownFileType = sourcecode.swift; path = UpholdBean.swift; sourceTree = "<group>"; };
		D7B567C11E0D89B00042D5A8 /* UserInfoBean.swift */ = {isa = PBXFileReference; fileEncoding = 4; lastKnownFileType = sourcecode.swift; path = UserInfoBean.swift; sourceTree = "<group>"; };
		D7B567C31E0D89EB0042D5A8 /* LoginRespModel.swift */ = {isa = PBXFileReference; fileEncoding = 4; lastKnownFileType = sourcecode.swift; path = LoginRespModel.swift; sourceTree = "<group>"; };
		D7B567C51E0D8A6B0042D5A8 /* LoadingView.swift */ = {isa = PBXFileReference; fileEncoding = 4; lastKnownFileType = sourcecode.swift; path = LoadingView.swift; sourceTree = "<group>"; };
		D7B567C71E0D8A8C0042D5A8 /* ConfirmNotifyRequest.swift */ = {isa = PBXFileReference; fileEncoding = 4; lastKnownFileType = sourcecode.swift; path = ConfirmNotifyRequest.swift; sourceTree = "<group>"; };
		D7B567C91E0D8BA50042D5A8 /* NotificationCountRespModel.swift */ = {isa = PBXFileReference; fileEncoding = 4; lastKnownFileType = sourcecode.swift; path = NotificationCountRespModel.swift; sourceTree = "<group>"; };
		D7B567CB1E0D9DE70042D5A8 /* BaseMenuViewController.swift */ = {isa = PBXFileReference; fileEncoding = 4; lastKnownFileType = sourcecode.swift; path = BaseMenuViewController.swift; sourceTree = "<group>"; };
		D7BE044D1E0584D900D37740 /* harpyframework.framework */ = {isa = PBXFileReference; explicitFileType = wrapper.framework; includeInIndex = 0; path = harpyframework.framework; sourceTree = BUILT_PRODUCTS_DIR; };
		D7BE04501E0584D900D37740 /* harpyframework.h */ = {isa = PBXFileReference; lastKnownFileType = sourcecode.c.h; path = harpyframework.h; sourceTree = "<group>"; };
		D7BE04511E0584D900D37740 /* Info.plist */ = {isa = PBXFileReference; lastKnownFileType = text.plist.xml; path = Info.plist; sourceTree = "<group>"; };
		D7BE04561E0584DA00D37740 /* harpyframeworkTests.xctest */ = {isa = PBXFileReference; explicitFileType = wrapper.cfbundle; includeInIndex = 0; path = harpyframeworkTests.xctest; sourceTree = BUILT_PRODUCTS_DIR; };
		D7BE045B1E0584DA00D37740 /* harpyframeworkTests.swift */ = {isa = PBXFileReference; lastKnownFileType = sourcecode.swift; path = harpyframeworkTests.swift; sourceTree = "<group>"; };
		D7BE045D1E0584DA00D37740 /* Info.plist */ = {isa = PBXFileReference; lastKnownFileType = text.plist.xml; path = Info.plist; sourceTree = "<group>"; };
		D7BE047B1E05864E00D37740 /* DomainConst.swift */ = {isa = PBXFileReference; fileEncoding = 4; lastKnownFileType = sourcecode.swift; path = DomainConst.swift; sourceTree = "<group>"; };
		D7BE04821E05873700D37740 /* CustomCheckBox.swift */ = {isa = PBXFileReference; fileEncoding = 4; lastKnownFileType = sourcecode.swift; path = CustomCheckBox.swift; sourceTree = "<group>"; };
		D7BE04851E0587D500D37740 /* GlobalConst.swift */ = {isa = PBXFileReference; fileEncoding = 4; lastKnownFileType = sourcecode.swift; path = GlobalConst.swift; sourceTree = "<group>"; };
		D7BE04881E05889B00D37740 /* Extension.swift */ = {isa = PBXFileReference; fileEncoding = 4; lastKnownFileType = sourcecode.swift; path = Extension.swift; sourceTree = "<group>"; };
		D7DF191D1E122CAB00829785 /* MenuItem.swift */ = {isa = PBXFileReference; fileEncoding = 4; lastKnownFileType = sourcecode.swift; path = MenuItem.swift; sourceTree = "<group>"; };
		D7EF19441E110E540054A3AF /* RegisterRequest.swift */ = {isa = PBXFileReference; fileEncoding = 4; lastKnownFileType = sourcecode.swift; path = RegisterRequest.swift; sourceTree = "<group>"; };
		D7EF19461E1121AB0054A3AF /* RegisterConfirmRequest.swift */ = {isa = PBXFileReference; fileEncoding = 4; lastKnownFileType = sourcecode.swift; path = RegisterConfirmRequest.swift; sourceTree = "<group>"; };
		D7F3D8CC1E1B74720018744F /* CustomeDateTimeView.swift */ = {isa = PBXFileReference; fileEncoding = 4; lastKnownFileType = sourcecode.swift; name = CustomeDateTimeView.swift; path = CustomeControl/CustomeDateTimeView.swift; sourceTree = "<group>"; };
		D7F3D8CE1E1B80D80018744F /* TableCellUpholdType.swift */ = {isa = PBXFileReference; fileEncoding = 4; lastKnownFileType = sourcecode.swift; name = TableCellUpholdType.swift; path = CustomeControl/TableCellUpholdType.swift; sourceTree = "<group>"; };
		D7F3D8CF1E1B80D80018744F /* TableCellUpholdType.xib */ = {isa = PBXFileReference; fileEncoding = 4; lastKnownFileType = file.xib; name = TableCellUpholdType.xib; path = CustomeControl/TableCellUpholdType.xib; sourceTree = "<group>"; };
		D7F3D8D31E1B8BD70018744F /* icon23.png */ = {isa = PBXFileReference; lastKnownFileType = image.png; name = icon23.png; path = images/icon23.png; sourceTree = "<group>"; };
		D7F3D8D51E1B90B60018744F /* icon6.png */ = {isa = PBXFileReference; lastKnownFileType = image.png; name = icon6.png; path = images/icon6.png; sourceTree = "<group>"; };
/* End PBXFileReference section */

/* Begin PBXFrameworksBuildPhase section */
		D7BE04491E0584D900D37740 /* Frameworks */ = {
			isa = PBXFrameworksBuildPhase;
			buildActionMask = 2147483647;
			files = (
			);
			runOnlyForDeploymentPostprocessing = 0;
		};
		D7BE04531E0584DA00D37740 /* Frameworks */ = {
			isa = PBXFrameworksBuildPhase;
			buildActionMask = 2147483647;
			files = (
				D7BE04571E0584DA00D37740 /* harpyframework.framework in Frameworks */,
			);
			runOnlyForDeploymentPostprocessing = 0;
		};
/* End PBXFrameworksBuildPhase section */

/* Begin PBXGroup section */
		D73B64511E0B797B0032D582 /* API */ = {
			isa = PBXGroup;
			children = (
				D7B5678E1E0D87650042D5A8 /* RequestAPI.swift */,
				D7B567901E0D87FF0042D5A8 /* BaseRequest.swift */,
				D7B567911E0D87FF0042D5A8 /* ChangePassRequest.swift */,
				D7B567C71E0D8A8C0042D5A8 /* ConfirmNotifyRequest.swift */,
				D7B567941E0D87FF0042D5A8 /* LoginRequest.swift */,
				D7B567AA1E0D88370042D5A8 /* LogoutRequest.swift */,
				D7B567951E0D87FF0042D5A8 /* NotificationCountRequest.swift */,
				D7B567971E0D87FF0042D5A8 /* SearchCustomerRequest.swift */,
				D7B567981E0D87FF0042D5A8 /* UpdateConfigurationRequest.swift */,
				D7B567991E0D87FF0042D5A8 /* UpholdDetailRequest.swift */,
				D7B5679A1E0D87FF0042D5A8 /* UpholdListRequest.swift */,
				D7B5679B1E0D87FF0042D5A8 /* UserProfileRequest.swift */,
				D7EF19441E110E540054A3AF /* RegisterRequest.swift */,
				D7EF19461E1121AB0054A3AF /* RegisterConfirmRequest.swift */,
			);
			name = API;
			sourceTree = "<group>";
		};
		D73B64541E0B79BC0032D582 /* View */ = {
			isa = PBXGroup;
			children = (
				D7B567891E0D837C0042D5A8 /* BaseViewController.swift */,
				D7B567CB1E0D9DE70042D5A8 /* BaseMenuViewController.swift */,
			);
			name = View;
			sourceTree = "<group>";
		};
		D7B5678B1E0D86820042D5A8 /* Model */ = {
			isa = PBXGroup;
			children = (
				D7B567BC1E0D89240042D5A8 /* Response */,
				D7B567BA1E0D89010042D5A8 /* ConfigBean.swift */,
				D7B5678C1E0D868C0042D5A8 /* BaseModel.swift */,
				D7B567AC1E0D88A80042D5A8 /* NotificationBean.swift */,
				D7B567BF1E0D89800042D5A8 /* UpholdBean.swift */,
				D7B567B01E0D88A80042D5A8 /* UpholdReplyBean.swift */,
				D7B567C11E0D89B00042D5A8 /* UserInfoBean.swift */,
				D7A966761E12ECED00C9D601 /* OrderListBean.swift */,
				D7671BF11E175FE10026DCFA /* OrderDetailBean.swift */,
				D7671BF31E17673A0026DCFA /* OrderBean.swift */,
			);
			name = Model;
			sourceTree = "<group>";
		};
		D7B567BC1E0D89240042D5A8 /* Response */ = {
			isa = PBXGroup;
			children = (
				D7B567BD1E0D89560042D5A8 /* BaseRespModel.swift */,
				D7B567C91E0D8BA50042D5A8 /* NotificationCountRespModel.swift */,
				D7B567C31E0D89EB0042D5A8 /* LoginRespModel.swift */,
				D7B567AD1E0D88A80042D5A8 /* SearchCustomerRespModel.swift */,
				D7B567AE1E0D88A80042D5A8 /* UpholdDetailRespModel.swift */,
				D7B567AF1E0D88A80042D5A8 /* UpholdListRespModel.swift */,
				D7B567B11E0D88A80042D5A8 /* UserProfileRespModel.swift */,
			);
			name = Response;
			sourceTree = "<group>";
		};
		D7B567CD1E0D9E230042D5A8 /* Utility */ = {
			isa = PBXGroup;
			children = (
				D791F6AF1E238135009CBBED /* CommonProcess.swift */,
				D7BE047B1E05864E00D37740 /* DomainConst.swift */,
				D7BE04851E0587D500D37740 /* GlobalConst.swift */,
				D7BE04881E05889B00D37740 /* Extension.swift */,
			);
			name = Utility;
			sourceTree = "<group>";
		};
		D7BE04431E0584D900D37740 = {
			isa = PBXGroup;
			children = (
				D7BE044F1E0584D900D37740 /* harpyframework */,
				D7BE045A1E0584DA00D37740 /* harpyframeworkTests */,
				D7BE044E1E0584D900D37740 /* Products */,
			);
			sourceTree = "<group>";
		};
		D7BE044E1E0584D900D37740 /* Products */ = {
			isa = PBXGroup;
			children = (
				D7BE044D1E0584D900D37740 /* harpyframework.framework */,
				D7BE04561E0584DA00D37740 /* harpyframeworkTests.xctest */,
			);
			name = Products;
			sourceTree = "<group>";
		};
		D7BE044F1E0584D900D37740 /* harpyframework */ = {
			isa = PBXGroup;
			children = (
				D7F3D8D21E1B8BCC0018744F /* images */,
				D7B567CD1E0D9E230042D5A8 /* Utility */,
				D7B5678B1E0D86820042D5A8 /* Model */,
				D73B64541E0B79BC0032D582 /* View */,
				D73B64511E0B797B0032D582 /* API */,
				D7BE04841E05875400D37740 /* CustomControl */,
				D7BE04501E0584D900D37740 /* harpyframework.h */,
				D7BE04511E0584D900D37740 /* Info.plist */,
			);
			path = harpyframework;
			sourceTree = "<group>";
		};
		D7BE045A1E0584DA00D37740 /* harpyframeworkTests */ = {
			isa = PBXGroup;
			children = (
				D7BE045B1E0584DA00D37740 /* harpyframeworkTests.swift */,
				D7BE045D1E0584DA00D37740 /* Info.plist */,
			);
			path = harpyframeworkTests;
			sourceTree = "<group>";
		};
		D7BE04841E05875400D37740 /* CustomControl */ = {
			isa = PBXGroup;
			children = (
				D76C37991E24D24B0096F864 /* CollectionImageViewCell.swift */,
				D76C379A1E24D24B0096F864 /* CollectionImageViewCell.xib */,
				D76C37971E24CF220096F864 /* RatingBar.swift */,
				D7AB90501E2402170048AC4F /* ScrollButtonList.swift */,
				D7AB90511E2402170048AC4F /* StepContent.swift */,
				D7AB90521E2402170048AC4F /* StepSummary.swift */,
				D7AB90531E2402170048AC4F /* StepVC.swift */,
				D7AB904C1E23FBC20048AC4F /* SearchBarTableViewCell.swift */,
				D7AB904D1E23FBC20048AC4F /* SearchBarTableViewCell.xib */,
				D7B567C51E0D8A6B0042D5A8 /* LoadingView.swift */,
				D7BE04821E05873700D37740 /* CustomCheckBox.swift */,
				D7DF191D1E122CAB00829785 /* MenuItem.swift */,
				D704308A1E13D8D0001C070D /* TableCellOrderType.xib */,
				D704308C1E13D8E1001C070D /* TableCellOrderType.swift */,
				D7B2374D1E150CD9001AD517 /* CustomLabel.swift */,
				D7F3D8CC1E1B74720018744F /* CustomeDateTimeView.swift */,
				D7F3D8CE1E1B80D80018744F /* TableCellUpholdType.swift */,
				D7F3D8CF1E1B80D80018744F /* TableCellUpholdType.xib */,
			);
			name = CustomControl;
			sourceTree = "<group>";
		};
		D7F3D8D21E1B8BCC0018744F /* images */ = {
			isa = PBXGroup;
			children = (
				D76AFDA81E26967900E73E1D /* icon45.png */,
				D791F6A71E2378C0009CBBED /* icon49.png */,
				D791F6A51E237658009CBBED /* icon59.png */,
				D791F6A31E237595009CBBED /* icon46.png */,
				D791F6A11E23754C009CBBED /* icon47.png */,
				D791F69F1E23747C009CBBED /* icon48.png */,
				D791F69D1E2372FB009CBBED /* icon31.png */,
				D791F69B1E237181009CBBED /* icon29.png */,
				D791F6971E236BAA009CBBED /* checkbox-checked.png */,
				D791F6981E236BAA009CBBED /* checkbox-unchecked.png */,
				D791F6951E2368BA009CBBED /* logoutitem.png */,
				D791F68F1E23688F009CBBED /* configuration.png */,
				D791F6901E23688F009CBBED /* login.png */,
				D791F6911E23688F009CBBED /* register.png */,
				D791F6811E2367F3009CBBED /* ic_menu_gift.png */,
				D791F6821E2367F3009CBBED /* ic_menu_home.png */,
				D791F6831E2367F3009CBBED /* ic_menu_profile.png */,
				D791F6841E2367F3009CBBED /* ic_menu_shoping_cart.png */,
				D791F6851E2367F3009CBBED /* list.png */,
				D791F6861E2367F3009CBBED /* message.png */,
				D791F6871E2367F3009CBBED /* report.png */,
				D791F67E1E2363A5009CBBED /* logo-1.png */,
				D791F6791E234C89009CBBED /* bg_sliding_menu_body.jpg */,
				D791F67A1E234C89009CBBED /* bg_sliding_menu_top.jpg */,
				D7F3D8D51E1B90B60018744F /* icon6.png */,
				D7F3D8D31E1B8BD70018744F /* icon23.png */,
			);
			name = images;
			sourceTree = "<group>";
		};
/* End PBXGroup section */

/* Begin PBXHeadersBuildPhase section */
		D7BE044A1E0584D900D37740 /* Headers */ = {
			isa = PBXHeadersBuildPhase;
			buildActionMask = 2147483647;
			files = (
				D7BE045E1E0584DA00D37740 /* harpyframework.h in Headers */,
			);
			runOnlyForDeploymentPostprocessing = 0;
		};
/* End PBXHeadersBuildPhase section */

/* Begin PBXNativeTarget section */
		D7BE044C1E0584D900D37740 /* harpyframework */ = {
			isa = PBXNativeTarget;
			buildConfigurationList = D7BE04611E0584DA00D37740 /* Build configuration list for PBXNativeTarget "harpyframework" */;
			buildPhases = (
				D7BE04481E0584D900D37740 /* Sources */,
				D7BE04491E0584D900D37740 /* Frameworks */,
				D7BE044A1E0584D900D37740 /* Headers */,
				D7BE044B1E0584D900D37740 /* Resources */,
			);
			buildRules = (
			);
			dependencies = (
			);
			name = harpyframework;
			productName = harpyframework;
			productReference = D7BE044D1E0584D900D37740 /* harpyframework.framework */;
			productType = "com.apple.product-type.framework";
		};
		D7BE04551E0584DA00D37740 /* harpyframeworkTests */ = {
			isa = PBXNativeTarget;
			buildConfigurationList = D7BE04641E0584DA00D37740 /* Build configuration list for PBXNativeTarget "harpyframeworkTests" */;
			buildPhases = (
				D7BE04521E0584DA00D37740 /* Sources */,
				D7BE04531E0584DA00D37740 /* Frameworks */,
				D7BE04541E0584DA00D37740 /* Resources */,
			);
			buildRules = (
			);
			dependencies = (
				D7BE04591E0584DA00D37740 /* PBXTargetDependency */,
			);
			name = harpyframeworkTests;
			productName = harpyframeworkTests;
			productReference = D7BE04561E0584DA00D37740 /* harpyframeworkTests.xctest */;
			productType = "com.apple.product-type.bundle.unit-test";
		};
/* End PBXNativeTarget section */

/* Begin PBXProject section */
		D7BE04441E0584D900D37740 /* Project object */ = {
			isa = PBXProject;
			attributes = {
				LastSwiftUpdateCheck = 0820;
				LastUpgradeCheck = 0820;
				ORGANIZATIONNAME = SPJ;
				TargetAttributes = {
					D7BE044C1E0584D900D37740 = {
						CreatedOnToolsVersion = 8.2;
						DevelopmentTeam = PZV5YS9B34;
						LastSwiftMigration = 0820;
						ProvisioningStyle = Automatic;
					};
					D7BE04551E0584DA00D37740 = {
						CreatedOnToolsVersion = 8.2;
						DevelopmentTeam = PZV5YS9B34;
						ProvisioningStyle = Automatic;
					};
				};
			};
			buildConfigurationList = D7BE04471E0584D900D37740 /* Build configuration list for PBXProject "harpyframework" */;
			compatibilityVersion = "Xcode 3.2";
			developmentRegion = English;
			hasScannedForEncodings = 0;
			knownRegions = (
				en,
			);
			mainGroup = D7BE04431E0584D900D37740;
			productRefGroup = D7BE044E1E0584D900D37740 /* Products */;
			projectDirPath = "";
			projectRoot = "";
			targets = (
				D7BE044C1E0584D900D37740 /* harpyframework */,
				D7BE04551E0584DA00D37740 /* harpyframeworkTests */,
			);
		};
/* End PBXProject section */

/* Begin PBXResourcesBuildPhase section */
		D7BE044B1E0584D900D37740 /* Resources */ = {
			isa = PBXResourcesBuildPhase;
			buildActionMask = 2147483647;
			files = (
				D791F68B1E2367F3009CBBED /* ic_menu_shoping_cart.png in Resources */,
				D7F3D8D11E1B80D80018744F /* TableCellUpholdType.xib in Resources */,
				D704308B1E13D8D0001C070D /* TableCellOrderType.xib in Resources */,
				D791F68D1E2367F3009CBBED /* message.png in Resources */,
				D791F6A81E2378C0009CBBED /* icon49.png in Resources */,
				D791F67C1E234C89009CBBED /* bg_sliding_menu_top.jpg in Resources */,
				D791F6931E23688F009CBBED /* login.png in Resources */,
				D76C379C1E24D24B0096F864 /* CollectionImageViewCell.xib in Resources */,
				D7F3D8D41E1B8BD70018744F /* icon23.png in Resources */,
				D791F6881E2367F3009CBBED /* ic_menu_gift.png in Resources */,
				D791F67F1E2363A5009CBBED /* logo-1.png in Resources */,
				D791F6A21E23754C009CBBED /* icon47.png in Resources */,
				D791F68A1E2367F3009CBBED /* ic_menu_profile.png in Resources */,
				D791F67B1E234C89009CBBED /* bg_sliding_menu_body.jpg in Resources */,
				D7AB904F1E23FBC20048AC4F /* SearchBarTableViewCell.xib in Resources */,
				D7F3D8D61E1B90B60018744F /* icon6.png in Resources */,
				D791F6891E2367F3009CBBED /* ic_menu_home.png in Resources */,
				D791F68C1E2367F3009CBBED /* list.png in Resources */,
				D791F69C1E237181009CBBED /* icon29.png in Resources */,
				D791F68E1E2367F3009CBBED /* report.png in Resources */,
				D791F6991E236BAA009CBBED /* checkbox-checked.png in Resources */,
				D791F6941E23688F009CBBED /* register.png in Resources */,
				D791F69E1E2372FB009CBBED /* icon31.png in Resources */,
				D791F6A01E23747C009CBBED /* icon48.png in Resources */,
				D791F6961E2368BA009CBBED /* logoutitem.png in Resources */,
				D791F6A61E237658009CBBED /* icon59.png in Resources */,
				D791F6921E23688F009CBBED /* configuration.png in Resources */,
				D791F69A1E236BAA009CBBED /* checkbox-unchecked.png in Resources */,
				D791F6A41E237595009CBBED /* icon46.png in Resources */,
				D76AFDA91E26967900E73E1D /* icon45.png in Resources */,
			);
			runOnlyForDeploymentPostprocessing = 0;
		};
		D7BE04541E0584DA00D37740 /* Resources */ = {
			isa = PBXResourcesBuildPhase;
			buildActionMask = 2147483647;
			files = (
			);
			runOnlyForDeploymentPostprocessing = 0;
		};
/* End PBXResourcesBuildPhase section */

/* Begin PBXSourcesBuildPhase section */
		D7BE04481E0584D900D37740 /* Sources */ = {
			isa = PBXSourcesBuildPhase;
			buildActionMask = 2147483647;
			files = (
				D7B567A71E0D87FF0042D5A8 /* UserProfileRequest.swift in Sources */,
				D7B5679C1E0D87FF0042D5A8 /* BaseRequest.swift in Sources */,
				D76C379B1E24D24B0096F864 /* CollectionImageViewCell.swift in Sources */,
				D7B5678D1E0D868C0042D5A8 /* BaseModel.swift in Sources */,
				D7F3D8CD1E1B74720018744F /* CustomeDateTimeView.swift in Sources */,
				D7B567A51E0D87FF0042D5A8 /* UpholdDetailRequest.swift in Sources */,
				D7AB90541E2402170048AC4F /* ScrollButtonList.swift in Sources */,
				D7B567B71E0D88A80042D5A8 /* UserProfileRespModel.swift in Sources */,
				D7B567C61E0D8A6B0042D5A8 /* LoadingView.swift in Sources */,
				D7B567CC1E0D9DE70042D5A8 /* BaseMenuViewController.swift in Sources */,
				D7B567B61E0D88A80042D5A8 /* UpholdReplyBean.swift in Sources */,
				D704308D1E13D8E1001C070D /* TableCellOrderType.swift in Sources */,
				D7B567C01E0D89800042D5A8 /* UpholdBean.swift in Sources */,
				D7B567B21E0D88A80042D5A8 /* NotificationBean.swift in Sources */,
				D7B567AB1E0D88370042D5A8 /* LogoutRequest.swift in Sources */,
				D7671BF41E17673A0026DCFA /* OrderBean.swift in Sources */,
				D7671BF21E175FE10026DCFA /* OrderDetailBean.swift in Sources */,
				D7B5679D1E0D87FF0042D5A8 /* ChangePassRequest.swift in Sources */,
				D7B567CA1E0D8BA50042D5A8 /* NotificationCountRespModel.swift in Sources */,
				D7B567A61E0D87FF0042D5A8 /* UpholdListRequest.swift in Sources */,
				D7DF191E1E122CAB00829785 /* MenuItem.swift in Sources */,
				D7B567A01E0D87FF0042D5A8 /* LoginRequest.swift in Sources */,
				D7A966771E12ECED00C9D601 /* OrderListBean.swift in Sources */,
				D7BE047C1E05864E00D37740 /* DomainConst.swift in Sources */,
				D7BE04861E0587D500D37740 /* GlobalConst.swift in Sources */,
				D791F6B01E238135009CBBED /* CommonProcess.swift in Sources */,
				D7AB90561E2402170048AC4F /* StepSummary.swift in Sources */,
				D7B5678A1E0D837C0042D5A8 /* BaseViewController.swift in Sources */,
				D7AB904E1E23FBC20048AC4F /* SearchBarTableViewCell.swift in Sources */,
				D7AB90551E2402170048AC4F /* StepContent.swift in Sources */,
				D76C37981E24CF220096F864 /* RatingBar.swift in Sources */,
				D7B2374E1E150CD9001AD517 /* CustomLabel.swift in Sources */,
				D7B567A11E0D87FF0042D5A8 /* NotificationCountRequest.swift in Sources */,
				D7B567B51E0D88A80042D5A8 /* UpholdListRespModel.swift in Sources */,
				D7BE04831E05873700D37740 /* CustomCheckBox.swift in Sources */,
				D7B567BE1E0D89560042D5A8 /* BaseRespModel.swift in Sources */,
				D7B567BB1E0D89010042D5A8 /* ConfigBean.swift in Sources */,
				D7EF19471E1121AB0054A3AF /* RegisterConfirmRequest.swift in Sources */,
				D7EF19451E110E540054A3AF /* RegisterRequest.swift in Sources */,
				D7B5678F1E0D87650042D5A8 /* RequestAPI.swift in Sources */,
				D7B567C21E0D89B00042D5A8 /* UserInfoBean.swift in Sources */,
				D7B567A31E0D87FF0042D5A8 /* SearchCustomerRequest.swift in Sources */,
				D7B567C41E0D89EB0042D5A8 /* LoginRespModel.swift in Sources */,
				D7B567A41E0D87FF0042D5A8 /* UpdateConfigurationRequest.swift in Sources */,
				D7B567C81E0D8A8C0042D5A8 /* ConfirmNotifyRequest.swift in Sources */,
				D7F3D8D01E1B80D80018744F /* TableCellUpholdType.swift in Sources */,
				D7AB90571E2402170048AC4F /* StepVC.swift in Sources */,
				D7BE04891E05889B00D37740 /* Extension.swift in Sources */,
				D7B567B31E0D88A80042D5A8 /* SearchCustomerRespModel.swift in Sources */,
				D7B567B41E0D88A80042D5A8 /* UpholdDetailRespModel.swift in Sources */,
			);
			runOnlyForDeploymentPostprocessing = 0;
		};
		D7BE04521E0584DA00D37740 /* Sources */ = {
			isa = PBXSourcesBuildPhase;
			buildActionMask = 2147483647;
			files = (
				D7BE045C1E0584DA00D37740 /* harpyframeworkTests.swift in Sources */,
			);
			runOnlyForDeploymentPostprocessing = 0;
		};
/* End PBXSourcesBuildPhase section */

/* Begin PBXTargetDependency section */
		D7BE04591E0584DA00D37740 /* PBXTargetDependency */ = {
			isa = PBXTargetDependency;
			target = D7BE044C1E0584D900D37740 /* harpyframework */;
			targetProxy = D7BE04581E0584DA00D37740 /* PBXContainerItemProxy */;
		};
/* End PBXTargetDependency section */

/* Begin XCBuildConfiguration section */
		D7BE045F1E0584DA00D37740 /* Debug */ = {
			isa = XCBuildConfiguration;
			buildSettings = {
				ALWAYS_SEARCH_USER_PATHS = NO;
				CLANG_ANALYZER_NONNULL = YES;
				CLANG_CXX_LANGUAGE_STANDARD = "gnu++0x";
				CLANG_CXX_LIBRARY = "libc++";
				CLANG_ENABLE_MODULES = YES;
				CLANG_ENABLE_OBJC_ARC = YES;
				CLANG_WARN_BOOL_CONVERSION = YES;
				CLANG_WARN_CONSTANT_CONVERSION = YES;
				CLANG_WARN_DIRECT_OBJC_ISA_USAGE = YES_ERROR;
				CLANG_WARN_DOCUMENTATION_COMMENTS = YES;
				CLANG_WARN_EMPTY_BODY = YES;
				CLANG_WARN_ENUM_CONVERSION = YES;
				CLANG_WARN_INFINITE_RECURSION = YES;
				CLANG_WARN_INT_CONVERSION = YES;
				CLANG_WARN_OBJC_ROOT_CLASS = YES_ERROR;
				CLANG_WARN_SUSPICIOUS_MOVE = YES;
				CLANG_WARN_UNREACHABLE_CODE = YES;
				CLANG_WARN__DUPLICATE_METHOD_MATCH = YES;
				"CODE_SIGN_IDENTITY[sdk=iphoneos*]" = "iPhone Developer";
				COPY_PHASE_STRIP = NO;
				CURRENT_PROJECT_VERSION = 1;
				DEBUG_INFORMATION_FORMAT = dwarf;
				ENABLE_STRICT_OBJC_MSGSEND = YES;
				ENABLE_TESTABILITY = YES;
				GCC_C_LANGUAGE_STANDARD = gnu99;
				GCC_DYNAMIC_NO_PIC = NO;
				GCC_NO_COMMON_BLOCKS = YES;
				GCC_OPTIMIZATION_LEVEL = 0;
				GCC_PREPROCESSOR_DEFINITIONS = (
					"DEBUG=1",
					"$(inherited)",
				);
				GCC_WARN_64_TO_32_BIT_CONVERSION = YES;
				GCC_WARN_ABOUT_RETURN_TYPE = YES_ERROR;
				GCC_WARN_UNDECLARED_SELECTOR = YES;
				GCC_WARN_UNINITIALIZED_AUTOS = YES_AGGRESSIVE;
				GCC_WARN_UNUSED_FUNCTION = YES;
				GCC_WARN_UNUSED_VARIABLE = YES;
				IPHONEOS_DEPLOYMENT_TARGET = 10.2;
				MTL_ENABLE_DEBUG_INFO = YES;
				ONLY_ACTIVE_ARCH = YES;
				SDKROOT = iphoneos;
				SWIFT_ACTIVE_COMPILATION_CONDITIONS = DEBUG;
				SWIFT_OPTIMIZATION_LEVEL = "-Onone";
				TARGETED_DEVICE_FAMILY = "1,2";
				VERSIONING_SYSTEM = "apple-generic";
				VERSION_INFO_PREFIX = "";
			};
			name = Debug;
		};
		D7BE04601E0584DA00D37740 /* Release */ = {
			isa = XCBuildConfiguration;
			buildSettings = {
				ALWAYS_SEARCH_USER_PATHS = NO;
				CLANG_ANALYZER_NONNULL = YES;
				CLANG_CXX_LANGUAGE_STANDARD = "gnu++0x";
				CLANG_CXX_LIBRARY = "libc++";
				CLANG_ENABLE_MODULES = YES;
				CLANG_ENABLE_OBJC_ARC = YES;
				CLANG_WARN_BOOL_CONVERSION = YES;
				CLANG_WARN_CONSTANT_CONVERSION = YES;
				CLANG_WARN_DIRECT_OBJC_ISA_USAGE = YES_ERROR;
				CLANG_WARN_DOCUMENTATION_COMMENTS = YES;
				CLANG_WARN_EMPTY_BODY = YES;
				CLANG_WARN_ENUM_CONVERSION = YES;
				CLANG_WARN_INFINITE_RECURSION = YES;
				CLANG_WARN_INT_CONVERSION = YES;
				CLANG_WARN_OBJC_ROOT_CLASS = YES_ERROR;
				CLANG_WARN_SUSPICIOUS_MOVE = YES;
				CLANG_WARN_UNREACHABLE_CODE = YES;
				CLANG_WARN__DUPLICATE_METHOD_MATCH = YES;
				"CODE_SIGN_IDENTITY[sdk=iphoneos*]" = "iPhone Developer";
				COPY_PHASE_STRIP = NO;
				CURRENT_PROJECT_VERSION = 1;
				DEBUG_INFORMATION_FORMAT = "dwarf-with-dsym";
				ENABLE_NS_ASSERTIONS = NO;
				ENABLE_STRICT_OBJC_MSGSEND = YES;
				GCC_C_LANGUAGE_STANDARD = gnu99;
				GCC_NO_COMMON_BLOCKS = YES;
				GCC_WARN_64_TO_32_BIT_CONVERSION = YES;
				GCC_WARN_ABOUT_RETURN_TYPE = YES_ERROR;
				GCC_WARN_UNDECLARED_SELECTOR = YES;
				GCC_WARN_UNINITIALIZED_AUTOS = YES_AGGRESSIVE;
				GCC_WARN_UNUSED_FUNCTION = YES;
				GCC_WARN_UNUSED_VARIABLE = YES;
				IPHONEOS_DEPLOYMENT_TARGET = 10.2;
				MTL_ENABLE_DEBUG_INFO = NO;
				SDKROOT = iphoneos;
				SWIFT_OPTIMIZATION_LEVEL = "-Owholemodule";
				TARGETED_DEVICE_FAMILY = "1,2";
				VALIDATE_PRODUCT = YES;
				VERSIONING_SYSTEM = "apple-generic";
				VERSION_INFO_PREFIX = "";
			};
			name = Release;
		};
		D7BE04621E0584DA00D37740 /* Debug */ = {
			isa = XCBuildConfiguration;
			buildSettings = {
				CLANG_ENABLE_MODULES = YES;
				CODE_SIGN_IDENTITY = "";
				DEFINES_MODULE = YES;
				DEVELOPMENT_TEAM = PZV5YS9B34;
				DYLIB_COMPATIBILITY_VERSION = 1;
				DYLIB_CURRENT_VERSION = 1;
				DYLIB_INSTALL_NAME_BASE = "@rpath";
				INFOPLIST_FILE = harpyframework/Info.plist;
				INSTALL_PATH = "$(LOCAL_LIBRARY_DIR)/Frameworks";
				IPHONEOS_DEPLOYMENT_TARGET = 8.0;
				LD_RUNPATH_SEARCH_PATHS = "$(inherited) @executable_path/Frameworks @loader_path/Frameworks";
				PRODUCT_BUNDLE_IDENTIFIER = com.spj.harpyframework.harpyframework;
				PRODUCT_NAME = "$(TARGET_NAME)";
				SKIP_INSTALL = YES;
				SWIFT_OPTIMIZATION_LEVEL = "-Onone";
				SWIFT_VERSION = 3.0;
			};
			name = Debug;
		};
		D7BE04631E0584DA00D37740 /* Release */ = {
			isa = XCBuildConfiguration;
			buildSettings = {
				CLANG_ENABLE_MODULES = YES;
				CODE_SIGN_IDENTITY = "";
				DEFINES_MODULE = YES;
				DEVELOPMENT_TEAM = PZV5YS9B34;
				DYLIB_COMPATIBILITY_VERSION = 1;
				DYLIB_CURRENT_VERSION = 1;
				DYLIB_INSTALL_NAME_BASE = "@rpath";
				INFOPLIST_FILE = harpyframework/Info.plist;
				INSTALL_PATH = "$(LOCAL_LIBRARY_DIR)/Frameworks";
				IPHONEOS_DEPLOYMENT_TARGET = 8.0;
				LD_RUNPATH_SEARCH_PATHS = "$(inherited) @executable_path/Frameworks @loader_path/Frameworks";
				PRODUCT_BUNDLE_IDENTIFIER = com.spj.harpyframework.harpyframework;
				PRODUCT_NAME = "$(TARGET_NAME)";
				SKIP_INSTALL = YES;
				SWIFT_VERSION = 3.0;
			};
			name = Release;
		};
		D7BE04651E0584DA00D37740 /* Debug */ = {
			isa = XCBuildConfiguration;
			buildSettings = {
				ALWAYS_EMBED_SWIFT_STANDARD_LIBRARIES = YES;
				DEVELOPMENT_TEAM = PZV5YS9B34;
				INFOPLIST_FILE = harpyframeworkTests/Info.plist;
				LD_RUNPATH_SEARCH_PATHS = "$(inherited) @executable_path/Frameworks @loader_path/Frameworks";
				PRODUCT_BUNDLE_IDENTIFIER = com.spj.harpyframework.harpyframeworkTests;
				PRODUCT_NAME = "$(TARGET_NAME)";
				SWIFT_VERSION = 3.0;
			};
			name = Debug;
		};
		D7BE04661E0584DA00D37740 /* Release */ = {
			isa = XCBuildConfiguration;
			buildSettings = {
				ALWAYS_EMBED_SWIFT_STANDARD_LIBRARIES = YES;
				DEVELOPMENT_TEAM = PZV5YS9B34;
				INFOPLIST_FILE = harpyframeworkTests/Info.plist;
				LD_RUNPATH_SEARCH_PATHS = "$(inherited) @executable_path/Frameworks @loader_path/Frameworks";
				PRODUCT_BUNDLE_IDENTIFIER = com.spj.harpyframework.harpyframeworkTests;
				PRODUCT_NAME = "$(TARGET_NAME)";
				SWIFT_VERSION = 3.0;
			};
			name = Release;
		};
/* End XCBuildConfiguration section */

/* Begin XCConfigurationList section */
		D7BE04471E0584D900D37740 /* Build configuration list for PBXProject "harpyframework" */ = {
			isa = XCConfigurationList;
			buildConfigurations = (
				D7BE045F1E0584DA00D37740 /* Debug */,
				D7BE04601E0584DA00D37740 /* Release */,
			);
			defaultConfigurationIsVisible = 0;
			defaultConfigurationName = Release;
		};
		D7BE04611E0584DA00D37740 /* Build configuration list for PBXNativeTarget "harpyframework" */ = {
			isa = XCConfigurationList;
			buildConfigurations = (
				D7BE04621E0584DA00D37740 /* Debug */,
				D7BE04631E0584DA00D37740 /* Release */,
			);
			defaultConfigurationIsVisible = 0;
			defaultConfigurationName = Release;
		};
		D7BE04641E0584DA00D37740 /* Build configuration list for PBXNativeTarget "harpyframeworkTests" */ = {
			isa = XCConfigurationList;
			buildConfigurations = (
				D7BE04651E0584DA00D37740 /* Debug */,
				D7BE04661E0584DA00D37740 /* Release */,
			);
			defaultConfigurationIsVisible = 0;
			defaultConfigurationName = Release;
		};
/* End XCConfigurationList section */
	};
	rootObject = D7BE04441E0584D900D37740 /* Project object */;
}
